
Microsoft Visual Studio Solution File, Format Version 12.00
# Visual Studio Version 16
VisualStudioVersion = 16.0.29102.190
MinimumVisualStudioVersion = 10.0.40219.1
Project("{8BC9CEB8-8B4A-11D0-8D11-00A0C91BC942}") = "Opencv6-2-3", "Opencv6-2-3.vcxproj", "{4019CD41-2F23-4589-B8A1-CB486E928417}"
EndProject
Global
	GlobalSection(SolutionConfigurationPlatforms) = preSolution
		Debug|x64 = Debug|x64
		Debug|x86 = Debug|x86
		Release|x64 = Release|x64
		Release|x86 = Release|x86
	EndGlobalSection
	GlobalSection(ProjectConfigurationPlatforms) = postSolution
		{4019CD41-2F23-4589-B8A1-CB486E928417}.Debug|x64.ActiveCfg = Debug|x64
		{4019CD41-2F23-4589-B8A1-CB486E928417}.Debug|x64.Build.0 = Debug|x64
		{4019CD41-2F23-4589-B8A1-CB486E928417}.Debug|x86.ActiveCfg = Debug|Win32
		{4019CD41-2F23-4589-B8A1-CB486E928417}.Debug|x86.Build.0 = Debug|Win32
		{4019CD41-2F23-4589-B8A1-CB486E928417}.Release|x64.ActiveCfg = Release|x64
		{4019CD41-2F23-4589-B8A1-CB486E928417}.Release|x64.Build.0 = Release|x64
		{4019CD41-2F23-4589-B8A1-CB486E928417}.Release|x86.ActiveCfg = Release|Win32
		{4019CD41-2F23-4589-B8A1-CB486E928417}.Release|x86.Build.0 = Release|Win32
	EndGlobalSection
	GlobalSection(SolutionProperties) = preSolution
		HideSolutionNode = FALSE
	EndGlobalSection
	GlobalSection(ExtensibilityGlobals) = postSolution
		SolutionGuid = {AE335A7A-13EA-4F00-A9B0-EF57D297E0E3}
	EndGlobalSection
EndGlobal
