
Microsoft Visual Studio Solution File, Format Version 12.00
# Visual Studio Version 16
VisualStudioVersion = 16.0.29102.190
MinimumVisualStudioVersion = 10.0.40219.1
Project("{8BC9CEB8-8B4A-11D0-8D11-00A0C91BC942}") = "Opencv7-1-2", "Opencv7-1-2.vcxproj", "{9C3FAD16-9EF5-4DD1-9CDC-8386E84D7C2E}"
EndProject
Global
	GlobalSection(SolutionConfigurationPlatforms) = preSolution
		Debug|x64 = Debug|x64
		Debug|x86 = Debug|x86
		Release|x64 = Release|x64
		Release|x86 = Release|x86
	EndGlobalSection
	GlobalSection(ProjectConfigurationPlatforms) = postSolution
		{9C3FAD16-9EF5-4DD1-9CDC-8386E84D7C2E}.Debug|x64.ActiveCfg = Debug|x64
		{9C3FAD16-9EF5-4DD1-9CDC-8386E84D7C2E}.Debug|x64.Build.0 = Debug|x64
		{9C3FAD16-9EF5-4DD1-9CDC-8386E84D7C2E}.Debug|x86.ActiveCfg = Debug|Win32
		{9C3FAD16-9EF5-4DD1-9CDC-8386E84D7C2E}.Debug|x86.Build.0 = Debug|Win32
		{9C3FAD16-9EF5-4DD1-9CDC-8386E84D7C2E}.Release|x64.ActiveCfg = Release|x64
		{9C3FAD16-9EF5-4DD1-9CDC-8386E84D7C2E}.Release|x64.Build.0 = Release|x64
		{9C3FAD16-9EF5-4DD1-9CDC-8386E84D7C2E}.Release|x86.ActiveCfg = Release|Win32
		{9C3FAD16-9EF5-4DD1-9CDC-8386E84D7C2E}.Release|x86.Build.0 = Release|Win32
	EndGlobalSection
	GlobalSection(SolutionProperties) = preSolution
		HideSolutionNode = FALSE
	EndGlobalSection
	GlobalSection(ExtensibilityGlobals) = postSolution
		SolutionGuid = {2212E0B4-481B-4F7D-8A25-55D689D24724}
	EndGlobalSection
EndGlobal
